// !$*UTF8*$!
{
	archiveVersion = 1;
	classes = {
	};
	objectVersion = 50;
	objects = {

/* Begin PBXBuildFile section */
		95A328A23E03EE15E2D376B2 /* Pods_MDCFrameworksTemplate.framework in Frameworks */ = {isa = PBXBuildFile; fileRef = D5AA3999C34F9DACA8FB7FCE /* Pods_MDCFrameworksTemplate.framework */; };
		D82283712108CB6500844B45 /* AppDelegate.m in Sources */ = {isa = PBXBuildFile; fileRef = D82283702108CB6500844B45 /* AppDelegate.m */; };
		D82283742108CB6500844B45 /* ViewController.m in Sources */ = {isa = PBXBuildFile; fileRef = D82283732108CB6500844B45 /* ViewController.m */; };
		D82283772108CB6500844B45 /* Main.storyboard in Resources */ = {isa = PBXBuildFile; fileRef = D82283752108CB6500844B45 /* Main.storyboard */; };
		D82283792108CB6700844B45 /* Assets.xcassets in Resources */ = {isa = PBXBuildFile; fileRef = D82283782108CB6700844B45 /* Assets.xcassets */; };
		D822837C2108CB6700844B45 /* LaunchScreen.storyboard in Resources */ = {isa = PBXBuildFile; fileRef = D822837A2108CB6700844B45 /* LaunchScreen.storyboard */; };
		D822837F2108CB6700844B45 /* main.m in Sources */ = {isa = PBXBuildFile; fileRef = D822837E2108CB6700844B45 /* main.m */; };
/* End PBXBuildFile section */

/* Begin PBXFileReference section */
		59B8067D98F133B7EA3A423F /* Pods-MDCFrameworksTemplate.debug.xcconfig */ = {isa = PBXFileReference; includeInIndex = 1; lastKnownFileType = text.xcconfig; name = "Pods-MDCFrameworksTemplate.debug.xcconfig"; path = "Pods/Target Support Files/Pods-MDCFrameworksTemplate/Pods-MDCFrameworksTemplate.debug.xcconfig"; sourceTree = "<group>"; };
		93272FDF46F5830013CC00E6 /* Pods-MDCFrameworksTemplate.release.xcconfig */ = {isa = PBXFileReference; includeInIndex = 1; lastKnownFileType = text.xcconfig; name = "Pods-MDCFrameworksTemplate.release.xcconfig"; path = "Pods/Target Support Files/Pods-MDCFrameworksTemplate/Pods-MDCFrameworksTemplate.release.xcconfig"; sourceTree = "<group>"; };
		D5AA3999C34F9DACA8FB7FCE /* Pods_MDCFrameworksTemplate.framework */ = {isa = PBXFileReference; explicitFileType = wrapper.framework; includeInIndex = 0; path = Pods_MDCFrameworksTemplate.framework; sourceTree = BUILT_PRODUCTS_DIR; };
		D822836C2108CB6500844B45 /* MDCFrameworksTemplate.app */ = {isa = PBXFileReference; explicitFileType = wrapper.application; includeInIndex = 0; path = MDCFrameworksTemplate.app; sourceTree = BUILT_PRODUCTS_DIR; };
		D822836F2108CB6500844B45 /* AppDelegate.h */ = {isa = PBXFileReference; lastKnownFileType = sourcecode.c.h; path = AppDelegate.h; sourceTree = "<group>"; };
		D82283702108CB6500844B45 /* AppDelegate.m */ = {isa = PBXFileReference; lastKnownFileType = sourcecode.c.objc; path = AppDelegate.m; sourceTree = "<group>"; };
		D82283722108CB6500844B45 /* ViewController.h */ = {isa = PBXFileReference; lastKnownFileType = sourcecode.c.h; path = ViewController.h; sourceTree = "<group>"; };
		D82283732108CB6500844B45 /* ViewController.m */ = {isa = PBXFileReference; lastKnownFileType = sourcecode.c.objc; path = ViewController.m; sourceTree = "<group>"; };
		D82283762108CB6500844B45 /* Base */ = {isa = PBXFileReference; lastKnownFileType = file.storyboard; name = Base; path = Base.lproj/Main.storyboard; sourceTree = "<group>"; };
		D82283782108CB6700844B45 /* Assets.xcassets */ = {isa = PBXFileReference; lastKnownFileType = folder.assetcatalog; path = Assets.xcassets; sourceTree = "<group>"; };
		D822837B2108CB6700844B45 /* Base */ = {isa = PBXFileReference; lastKnownFileType = file.storyboard; name = Base; path = Base.lproj/LaunchScreen.storyboard; sourceTree = "<group>"; };
		D822837D2108CB6700844B45 /* Info.plist */ = {isa = PBXFileReference; lastKnownFileType = text.plist.xml; path = Info.plist; sourceTree = "<group>"; };
		D822837E2108CB6700844B45 /* main.m */ = {isa = PBXFileReference; lastKnownFileType = sourcecode.c.objc; path = main.m; sourceTree = "<group>"; };
/* End PBXFileReference section */

/* Begin PBXFrameworksBuildPhase section */
		D82283692108CB6500844B45 /* Frameworks */ = {
			isa = PBXFrameworksBuildPhase;
			buildActionMask = 2147483647;
			files = (
				95A328A23E03EE15E2D376B2 /* Pods_MDCFrameworksTemplate.framework in Frameworks */,
			);
			runOnlyForDeploymentPostprocessing = 0;
		};
/* End PBXFrameworksBuildPhase section */

/* Begin PBXGroup section */
		3E097CF23F5C0E9425EF8143 /* Frameworks */ = {
			isa = PBXGroup;
			children = (
				D5AA3999C34F9DACA8FB7FCE /* Pods_MDCFrameworksTemplate.framework */,
			);
			name = Frameworks;
			sourceTree = "<group>";
		};
		87A544E88E0DF713CDCC07EC /* Pods */ = {
			isa = PBXGroup;
			children = (
				59B8067D98F133B7EA3A423F /* Pods-MDCFrameworksTemplate.debug.xcconfig */,
				93272FDF46F5830013CC00E6 /* Pods-MDCFrameworksTemplate.release.xcconfig */,
			);
			name = Pods;
			sourceTree = "<group>";
		};
		D82283632108CB6500844B45 = {
			isa = PBXGroup;
			children = (
				D822836E2108CB6500844B45 /* MDCFrameworksTemplate */,
				D822836D2108CB6500844B45 /* Products */,
				87A544E88E0DF713CDCC07EC /* Pods */,
				3E097CF23F5C0E9425EF8143 /* Frameworks */,
			);
			sourceTree = "<group>";
		};
		D822836D2108CB6500844B45 /* Products */ = {
			isa = PBXGroup;
			children = (
				D822836C2108CB6500844B45 /* MDCFrameworksTemplate.app */,
			);
			name = Products;
			sourceTree = "<group>";
		};
		D822836E2108CB6500844B45 /* MDCFrameworksTemplate */ = {
			isa = PBXGroup;
			children = (
				D822836F2108CB6500844B45 /* AppDelegate.h */,
				D82283702108CB6500844B45 /* AppDelegate.m */,
				D82283722108CB6500844B45 /* ViewController.h */,
				D82283732108CB6500844B45 /* ViewController.m */,
				D82283752108CB6500844B45 /* Main.storyboard */,
				D82283782108CB6700844B45 /* Assets.xcassets */,
				D822837A2108CB6700844B45 /* LaunchScreen.storyboard */,
				D822837D2108CB6700844B45 /* Info.plist */,
				D822837E2108CB6700844B45 /* main.m */,
			);
			path = MDCFrameworksTemplate;
			sourceTree = "<group>";
		};
/* End PBXGroup section */

/* Begin PBXNativeTarget section */
		D822836B2108CB6500844B45 /* MDCFrameworksTemplate */ = {
			isa = PBXNativeTarget;
			buildConfigurationList = D82283822108CB6700844B45 /* Build configuration list for PBXNativeTarget "MDCFrameworksTemplate" */;
			buildPhases = (
				478C3F5DCB57F62555CA0238 /* [CP] Check Pods Manifest.lock */,
				D82283682108CB6500844B45 /* Sources */,
				D82283692108CB6500844B45 /* Frameworks */,
				D822836A2108CB6500844B45 /* Resources */,
				61AB2BCB15DCA0C598B223B7 /* [CP] Embed Pods Frameworks */,
			);
			buildRules = (
			);
			dependencies = (
			);
			name = MDCFrameworksTemplate;
			productName = MDCFrameworksTemplate;
			productReference = D822836C2108CB6500844B45 /* MDCFrameworksTemplate.app */;
			productType = "com.apple.product-type.application";
		};
/* End PBXNativeTarget section */

/* Begin PBXProject section */
		D82283642108CB6500844B45 /* Project object */ = {
			isa = PBXProject;
			attributes = {
				LastUpgradeCheck = 0940;
				ORGANIZATIONNAME = "Alexander Kartavov";
				TargetAttributes = {
					D822836B2108CB6500844B45 = {
						CreatedOnToolsVersion = 9.4.1;
					};
				};
			};
			buildConfigurationList = D82283672108CB6500844B45 /* Build configuration list for PBXProject "MDCFrameworksTemplate" */;
			compatibilityVersion = "Xcode 9.3";
			developmentRegion = en;
			hasScannedForEncodings = 0;
			knownRegions = (
				en,
				Base,
			);
			mainGroup = D82283632108CB6500844B45;
			productRefGroup = D822836D2108CB6500844B45 /* Products */;
			projectDirPath = "";
			projectRoot = "";
			targets = (
				D822836B2108CB6500844B45 /* MDCFrameworksTemplate */,
			);
		};
/* End PBXProject section */

/* Begin PBXResourcesBuildPhase section */
		D822836A2108CB6500844B45 /* Resources */ = {
			isa = PBXResourcesBuildPhase;
			buildActionMask = 2147483647;
			files = (
				D822837C2108CB6700844B45 /* LaunchScreen.storyboard in Resources */,
				D82283792108CB6700844B45 /* Assets.xcassets in Resources */,
				D82283772108CB6500844B45 /* Main.storyboard in Resources */,
			);
			runOnlyForDeploymentPostprocessing = 0;
		};
/* End PBXResourcesBuildPhase section */

/* Begin PBXShellScriptBuildPhase section */
		478C3F5DCB57F62555CA0238 /* [CP] Check Pods Manifest.lock */ = {
			isa = PBXShellScriptBuildPhase;
			buildActionMask = 2147483647;
			files = (
			);
			inputPaths = (
				"${PODS_PODFILE_DIR_PATH}/Podfile.lock",
				"${PODS_ROOT}/Manifest.lock",
			);
			name = "[CP] Check Pods Manifest.lock";
			outputPaths = (
				"$(DERIVED_FILE_DIR)/Pods-MDCFrameworksTemplate-checkManifestLockResult.txt",
			);
			runOnlyForDeploymentPostprocessing = 0;
			shellPath = /bin/sh;
			shellScript = "diff \"${PODS_PODFILE_DIR_PATH}/Podfile.lock\" \"${PODS_ROOT}/Manifest.lock\" > /dev/null\nif [ $? != 0 ] ; then\n    # print error to STDERR\n    echo \"error: The sandbox is not in sync with the Podfile.lock. Run 'pod install' or update your CocoaPods installation.\" >&2\n    exit 1\nfi\n# This output is used by Xcode 'outputs' to avoid re-running this script phase.\necho \"SUCCESS\" > \"${SCRIPT_OUTPUT_FILE_0}\"\n";
			showEnvVarsInLog = 0;
		};
		61AB2BCB15DCA0C598B223B7 /* [CP] Embed Pods Frameworks */ = {
			isa = PBXShellScriptBuildPhase;
			buildActionMask = 2147483647;
			files = (
			);
			inputPaths = (
				"${SRCROOT}/Pods/Target Support Files/Pods-MDCFrameworksTemplate/Pods-MDCFrameworksTemplate-frameworks.sh",
				"${BUILT_PRODUCTS_DIR}/MDFInternationalization/MDFInternationalization.framework",
				"${BUILT_PRODUCTS_DIR}/MDFTextAccessibility/MDFTextAccessibility.framework",
				"${BUILT_PRODUCTS_DIR}/MaterialComponents/MaterialComponents.framework",
				"${BUILT_PRODUCTS_DIR}/MotionAnimator/MotionAnimator.framework",
				"${BUILT_PRODUCTS_DIR}/MotionInterchange/MotionInterchange.framework",
				"${BUILT_PRODUCTS_DIR}/MotionTransitioning/MotionTransitioning.framework",
			);
			name = "[CP] Embed Pods Frameworks";
			outputPaths = (
				"${TARGET_BUILD_DIR}/${FRAMEWORKS_FOLDER_PATH}/MDFInternationalization.framework",
				"${TARGET_BUILD_DIR}/${FRAMEWORKS_FOLDER_PATH}/MDFTextAccessibility.framework",
				"${TARGET_BUILD_DIR}/${FRAMEWORKS_FOLDER_PATH}/MaterialComponents.framework",
				"${TARGET_BUILD_DIR}/${FRAMEWORKS_FOLDER_PATH}/MotionAnimator.framework",
				"${TARGET_BUILD_DIR}/${FRAMEWORKS_FOLDER_PATH}/MotionInterchange.framework",
				"${TARGET_BUILD_DIR}/${FRAMEWORKS_FOLDER_PATH}/MotionTransitioning.framework",
			);
			runOnlyForDeploymentPostprocessing = 0;
			shellPath = /bin/sh;
			shellScript = "\"${SRCROOT}/Pods/Target Support Files/Pods-MDCFrameworksTemplate/Pods-MDCFrameworksTemplate-frameworks.sh\"\n";
			showEnvVarsInLog = 0;
		};
/* End PBXShellScriptBuildPhase section */

/* Begin PBXSourcesBuildPhase section */
		D82283682108CB6500844B45 /* Sources */ = {
			isa = PBXSourcesBuildPhase;
			buildActionMask = 2147483647;
			files = (
				D82283742108CB6500844B45 /* ViewController.m in Sources */,
				D822837F2108CB6700844B45 /* main.m in Sources */,
				D82283712108CB6500844B45 /* AppDelegate.m in Sources */,
			);
			runOnlyForDeploymentPostprocessing = 0;
		};
/* End PBXSourcesBuildPhase section */

/* Begin PBXVariantGroup section */
		D82283752108CB6500844B45 /* Main.storyboard */ = {
			isa = PBXVariantGroup;
			children = (
				D82283762108CB6500844B45 /* Base */,
			);
			name = Main.storyboard;
			sourceTree = "<group>";
		};
		D822837A2108CB6700844B45 /* LaunchScreen.storyboard */ = {
			isa = PBXVariantGroup;
			children = (
				D822837B2108CB6700844B45 /* Base */,
			);
			name = LaunchScreen.storyboard;
			sourceTree = "<group>";
		};
/* End PBXVariantGroup section */

/* Begin XCBuildConfiguration section */
		D82283802108CB6700844B45 /* Debug */ = {
			isa = XCBuildConfiguration;
			buildSettings = {
				ALWAYS_SEARCH_USER_PATHS = NO;
				CLANG_ANALYZER_NONNULL = YES;
				CLANG_ANALYZER_NUMBER_OBJECT_CONVERSION = YES_AGGRESSIVE;
				CLANG_CXX_LANGUAGE_STANDARD = "gnu++14";
				CLANG_CXX_LIBRARY = "libc++";
				CLANG_ENABLE_MODULES = YES;
				CLANG_ENABLE_OBJC_ARC = YES;
				CLANG_ENABLE_OBJC_WEAK = YES;
				CLANG_WARN_BLOCK_CAPTURE_AUTORELEASING = YES;
				CLANG_WARN_BOOL_CONVERSION = YES;
				CLANG_WARN_COMMA = YES;
				CLANG_WARN_CONSTANT_CONVERSION = YES;
				CLANG_WARN_DEPRECATED_OBJC_IMPLEMENTATIONS = YES;
				CLANG_WARN_DIRECT_OBJC_ISA_USAGE = YES_ERROR;
				CLANG_WARN_DOCUMENTATION_COMMENTS = YES;
				CLANG_WARN_EMPTY_BODY = YES;
				CLANG_WARN_ENUM_CONVERSION = YES;
				CLANG_WARN_INFINITE_RECURSION = YES;
				CLANG_WARN_INT_CONVERSION = YES;
				CLANG_WARN_NON_LITERAL_NULL_CONVERSION = YES;
				CLANG_WARN_OBJC_IMPLICIT_RETAIN_SELF = YES;
				CLANG_WARN_OBJC_LITERAL_CONVERSION = YES;
				CLANG_WARN_OBJC_ROOT_CLASS = YES_ERROR;
				CLANG_WARN_RANGE_LOOP_ANALYSIS = YES;
				CLANG_WARN_STRICT_PROTOTYPES = YES;
				CLANG_WARN_SUSPICIOUS_MOVE = YES;
				CLANG_WARN_UNGUARDED_AVAILABILITY = YES_AGGRESSIVE;
				CLANG_WARN_UNREACHABLE_CODE = YES;
				CLANG_WARN__DUPLICATE_METHOD_MATCH = YES;
				CODE_SIGN_IDENTITY = "iPhone Developer";
				COPY_PHASE_STRIP = NO;
				DEBUG_INFORMATION_FORMAT = dwarf;
				ENABLE_STRICT_OBJC_MSGSEND = YES;
				ENABLE_TESTABILITY = YES;
				GCC_C_LANGUAGE_STANDARD = gnu11;
				GCC_DYNAMIC_NO_PIC = NO;
				GCC_NO_COMMON_BLOCKS = YES;
				GCC_OPTIMIZATION_LEVEL = 0;
				GCC_PREPROCESSOR_DEFINITIONS = (
					"DEBUG=1",
					"$(inherited)",
				);
				GCC_WARN_64_TO_32_BIT_CONVERSION = YES;
				GCC_WARN_ABOUT_RETURN_TYPE = YES_ERROR;
				GCC_WARN_UNDECLARED_SELECTOR = YES;
				GCC_WARN_UNINITIALIZED_AUTOS = YES_AGGRESSIVE;
				GCC_WARN_UNUSED_FUNCTION = YES;
				GCC_WARN_UNUSED_VARIABLE = YES;
				IPHONEOS_DEPLOYMENT_TARGET = 11.4;
				MTL_ENABLE_DEBUG_INFO = YES;
				ONLY_ACTIVE_ARCH = YES;
				SDKROOT = iphoneos;
			};
			name = Debug;
		};
		D82283812108CB6700844B45 /* Release */ = {
			isa = XCBuildConfiguration;
			buildSettings = {
				ALWAYS_SEARCH_USER_PATHS = NO;
				CLANG_ANALYZER_NONNULL = YES;
				CLANG_ANALYZER_NUMBER_OBJECT_CONVERSION = YES_AGGRESSIVE;
				CLANG_CXX_LANGUAGE_STANDARD = "gnu++14";
				CLANG_CXX_LIBRARY = "libc++";
				CLANG_ENABLE_MODULES = YES;
				CLANG_ENABLE_OBJC_ARC = YES;
				CLANG_ENABLE_OBJC_WEAK = YES;
				CLANG_WARN_BLOCK_CAPTURE_AUTORELEASING = YES;
				CLANG_WARN_BOOL_CONVERSION = YES;
				CLANG_WARN_COMMA = YES;
				CLANG_WARN_CONSTANT_CONVERSION = YES;
				CLANG_WARN_DEPRECATED_OBJC_IMPLEMENTATIONS = YES;
				CLANG_WARN_DIRECT_OBJC_ISA_USAGE = YES_ERROR;
				CLANG_WARN_DOCUMENTATION_COMMENTS = YES;
				CLANG_WARN_EMPTY_BODY = YES;
				CLANG_WARN_ENUM_CONVERSION = YES;
				CLANG_WARN_INFINITE_RECURSION = YES;
				CLANG_WARN_INT_CONVERSION = YES;
				CLANG_WARN_NON_LITERAL_NULL_CONVERSION = YES;
				CLANG_WARN_OBJC_IMPLICIT_RETAIN_SELF = YES;
				CLANG_WARN_OBJC_LITERAL_CONVERSION = YES;
				CLANG_WARN_OBJC_ROOT_CLASS = YES_ERROR;
				CLANG_WARN_RANGE_LOOP_ANALYSIS = YES;
				CLANG_WARN_STRICT_PROTOTYPES = YES;
				CLANG_WARN_SUSPICIOUS_MOVE = YES;
				CLANG_WARN_UNGUARDED_AVAILABILITY = YES_AGGRESSIVE;
				CLANG_WARN_UNREACHABLE_CODE = YES;
				CLANG_WARN__DUPLICATE_METHOD_MATCH = YES;
				CODE_SIGN_IDENTITY = "iPhone Developer";
				COPY_PHASE_STRIP = NO;
				DEBUG_INFORMATION_FORMAT = "dwarf-with-dsym";
				ENABLE_NS_ASSERTIONS = NO;
				ENABLE_STRICT_OBJC_MSGSEND = YES;
				GCC_C_LANGUAGE_STANDARD = gnu11;
				GCC_NO_COMMON_BLOCKS = YES;
				GCC_WARN_64_TO_32_BIT_CONVERSION = YES;
				GCC_WARN_ABOUT_RETURN_TYPE = YES_ERROR;
				GCC_WARN_UNDECLARED_SELECTOR = YES;
				GCC_WARN_UNINITIALIZED_AUTOS = YES_AGGRESSIVE;
				GCC_WARN_UNUSED_FUNCTION = YES;
				GCC_WARN_UNUSED_VARIABLE = YES;
				IPHONEOS_DEPLOYMENT_TARGET = 11.4;
				MTL_ENABLE_DEBUG_INFO = NO;
				SDKROOT = iphoneos;
				VALIDATE_PRODUCT = YES;
			};
			name = Release;
		};
		D82283832108CB6700844B45 /* Debug */ = {
			isa = XCBuildConfiguration;
			baseConfigurationReference = 59B8067D98F133B7EA3A423F /* Pods-MDCFrameworksTemplate.debug.xcconfig */;
			buildSettings = {
				ASSETCATALOG_COMPILER_APPICON_NAME = AppIcon;
				CODE_SIGN_STYLE = Automatic;
				DEVELOPMENT_TEAM = FSAWVG25G2;
				INFOPLIST_FILE = MDCFrameworksTemplate/Info.plist;
				LD_RUNPATH_SEARCH_PATHS = (
					"$(inherited)",
					"@executable_path/Frameworks",
				);
				PRODUCT_BUNDLE_IDENTIFIER = com.dropfitness.MDCFrameworksTemplate;
				PRODUCT_NAME = "$(TARGET_NAME)";
				TARGETED_DEVICE_FAMILY = "1,2";
			};
			name = Debug;
		};
		D82283842108CB6700844B45 /* Release */ = {
			isa = XCBuildConfiguration;
			baseConfigurationReference = 93272FDF46F5830013CC00E6 /* Pods-MDCFrameworksTemplate.release.xcconfig */;
			buildSettings = {
				ASSETCATALOG_COMPILER_APPICON_NAME = AppIcon;
				CODE_SIGN_STYLE = Automatic;
				DEVELOPMENT_TEAM = FSAWVG25G2;
				INFOPLIST_FILE = MDCFrameworksTemplate/Info.plist;
				LD_RUNPATH_SEARCH_PATHS = (
					"$(inherited)",
					"@executable_path/Frameworks",
				);
				PRODUCT_BUNDLE_IDENTIFIER = com.dropfitness.MDCFrameworksTemplate;
				PRODUCT_NAME = "$(TARGET_NAME)";
				TARGETED_DEVICE_FAMILY = "1,2";
			};
			name = Release;
		};
/* End XCBuildConfiguration section */

/* Begin XCConfigurationList section */
		D82283672108CB6500844B45 /* Build configuration list for PBXProject "MDCFrameworksTemplate" */ = {
			isa = XCConfigurationList;
			buildConfigurations = (
				D82283802108CB6700844B45 /* Debug */,
				D82283812108CB6700844B45 /* Release */,
			);
			defaultConfigurationIsVisible = 0;
			defaultConfigurationName = Release;
		};
		D82283822108CB6700844B45 /* Build configuration list for PBXNativeTarget "MDCFrameworksTemplate" */ = {
			isa = XCConfigurationList;
			buildConfigurations = (
				D82283832108CB6700844B45 /* Debug */,
				D82283842108CB6700844B45 /* Release */,
			);
			defaultConfigurationIsVisible = 0;
			defaultConfigurationName = Release;
		};
/* End XCConfigurationList section */
	};
	rootObject = D82283642108CB6500844B45 /* Project object */;
}
